{
  "name": "sidekick-monorepo",
  "lockfileVersion": 3,
  "requires": true,
  "packages": {
    "": {
      "name": "sidekick-monorepo",
      "license": "MIT",
      "workspaces": [
        "packages/sidekick-core",
        "packages/sidekick-cli"
      ],
      "engines": {
        "node": ">=18"
      }
    },
    "node_modules/@mitche50/sidekick-cli": {
      "resolved": "packages/sidekick-cli",
      "link": true
    },
    "node_modules/@mitche50/sidekick-core": {
      "resolved": "packages/sidekick-core",
      "link": true
    },
    "packages/sidekick-cli": {
      "name": "@mitche50/sidekick-cli",
      "version": "0.1.0",
      "license": "MIT",
      "dependencies": {
        "@mitche50/sidekick-core": "0.1.0"
      },
      "bin": {
        "sidekick": "bin/sidekick.js",
        "sk": "bin/sidekick.js"
      },
      "engines": {
        "node": ">=18"
      }
    },
    "packages/sidekick-core": {
      "name": "@mitche50/sidekick-core",
      "version": "0.1.0",
      "license": "MIT"
    }
  }
}
